
Microsoft Visual Studio Solution File, Format Version 12.00
# Visual Studio Version 17
VisualStudioVersion = 17.1.32228.430
MinimumVisualStudioVersion = 10.0.40219.1
Project("{9A19103F-16F7-4668-BE54-9A1E7A4F7556}") = "Lurker.Windows", "src\Lurker.Windows\Lurker.Windows.csproj", "{842C9F98-3235-45D1-9D21-22E29A08CED4}"
EndProject
Global
	GlobalSection(SolutionConfigurationPlatforms) = preSolution
		Debug|Any CPU = Debug|Any CPU
		Release|Any CPU = Release|Any CPU
	EndGlobalSection
	GlobalSection(ProjectConfigurationPlatforms) = postSolution
		{842C9F98-3235-45D1-9D21-22E29A08CED4}.Debug|Any CPU.ActiveCfg = Debug|Any CPU
		{842C9F98-3235-45D1-9D21-22E29A08CED4}.Debug|Any CPU.Build.0 = Debug|Any CPU
		{842C9F98-3235-45D1-9D21-22E29A08CED4}.Release|Any CPU.ActiveCfg = Release|Any CPU
		{842C9F98-3235-45D1-9D21-22E29A08CED4}.Release|Any CPU.Build.0 = Release|Any CPU
	EndGlobalSection
	GlobalSection(SolutionProperties) = preSolution
		HideSolutionNode = FALSE
	EndGlobalSection
	GlobalSection(ExtensibilityGlobals) = postSolution
		SolutionGuid = {473D723E-88A3-44C0-B64E-5A59C79E4FF2}
	EndGlobalSection
EndGlobal
